# THIS IS AN AUTOGENERATED FILE. DO NOT EDIT THIS FILE DIRECTLY.
# yarn lockfile v1


ajv@^6.5.2:
  version "6.5.3"
  resolved "https://registry.yarnpkg.com/ajv/-/ajv-6.5.3.tgz#71a569d189ecf4f4f321224fecb166f071dd90f9"
  dependencies:
    fast-deep-equal "^2.0.1"
    fast-json-stable-stringify "^2.0.0"
    json-schema-traverse "^0.4.1"
    uri-js "^4.2.2"

argparse@^1.0.7:
  version "1.0.10"
  resolved "https://registry.yarnpkg.com/argparse/-/argparse-1.0.10.tgz#bcd6791ea5ae09725e17e5ad988134cd40b3d911"
  dependencies:
    sprintf-js "~1.0.2"

async@^2.6.0:
  version "2.6.1"
  resolved "https://registry.yarnpkg.com/async/-/async-2.6.1.tgz#b245a23ca71930044ec53fa46aa00a3e87c6a610"
  dependencies:
    lodash "^4.17.10"

balanced-match@^1.0.0:
  version "1.0.0"
  resolved "https://registry.yarnpkg.com/balanced-match/-/balanced-match-1.0.0.tgz#89b4d199ab2bee49de164ea02b89ce462d71b767"

brace-expansion@^1.1.7:
  version "1.1.11"
  resolved "https://registry.yarnpkg.com/brace-expansion/-/brace-expansion-1.1.11.tgz#3c7fcbf529d87226f3d2f52b966ff5271eb441dd"
  dependencies:
    balanced-match "^1.0.0"
    concat-map "0.0.1"

concat-map@0.0.1:
  version "0.0.1"
  resolved "https://registry.yarnpkg.com/concat-map/-/concat-map-0.0.1.tgz#d8a96bd77fd68df7793a73036a3ba0d5405d477b"

difunc@0.0.4:
  version "0.0.4"
  resolved "https://registry.yarnpkg.com/difunc/-/difunc-0.0.4.tgz#09322073e67f82effd2f22881985e7d3e441b3ac"
  dependencies:
    esprima "^4.0.0"

esprima@^4.0.0:
  version "4.0.1"
  resolved "https://registry.yarnpkg.com/esprima/-/esprima-4.0.1.tgz#13b04cdb3e6c5d19df91ab6987a8695619b0aa71"

express-normalize-query-params-middleware@^0.5.0:
  version "0.5.1"
  resolved "https://registry.yarnpkg.com/express-normalize-query-params-middleware/-/express-normalize-query-params-middleware-0.5.1.tgz#dbe1e8139aecb234fb6adb5c0059c75db9733d2a"

express-openapi@^2.0.4:
  version "2.0.4"
  resolved "https://registry.yarnpkg.com/express-openapi/-/express-openapi-2.0.4.tgz#59659efeeb548e5d2344fc85e86110eb8fb2e589"
  dependencies:
    express-normalize-query-params-middleware "^0.5.0"
    openapi-framework "0.3.2"

fast-deep-equal@^2.0.1:
  version "2.0.1"
  resolved "https://registry.yarnpkg.com/fast-deep-equal/-/fast-deep-equal-2.0.1.tgz#7b05218ddf9667bf7f370bf7fdb2cb15fdd0aa49"

fast-json-stable-stringify@^2.0.0:
  version "2.0.0"
  resolved "https://registry.yarnpkg.com/fast-json-stable-stringify/-/fast-json-stable-stringify-2.0.0.tgz#d5142c0caee6b1189f87d3a76111064f86c8bbf2"

fs-routes@1.3.0:
  version "1.3.0"
  resolved "https://registry.yarnpkg.com/fs-routes/-/fs-routes-1.3.0.tgz#c9d2d7305e5f3e28445f63331ed6c5a026489fbe"

fs.realpath@^1.0.0:
  version "1.0.0"
  resolved "https://registry.yarnpkg.com/fs.realpath/-/fs.realpath-1.0.0.tgz#1504ad2523158caa40db4a2787cb01411994ea4f"

glob@*:
  version "7.1.3"
  resolved "https://registry.yarnpkg.com/glob/-/glob-7.1.3.tgz#3960832d3f1574108342dafd3a67b332c0969df1"
  dependencies:
    fs.realpath "^1.0.0"
    inflight "^1.0.4"
    inherits "2"
    minimatch "^3.0.4"
    once "^1.3.0"
    path-is-absolute "^1.0.0"

inflight@^1.0.4:
  version "1.0.6"
  resolved "https://registry.yarnpkg.com/inflight/-/inflight-1.0.6.tgz#49bd6331d7d02d0c09bc910a1075ba8165b56df9"
  dependencies:
    once "^1.3.0"
    wrappy "1"

inherits@2:
  version "2.0.3"
  resolved "https://registry.yarnpkg.com/inherits/-/inherits-2.0.3.tgz#633c2c83e3da42a502f52466022480f4208261de"

is-dir@^1.0.0:
  version "1.0.0"
  resolved "https://registry.yarnpkg.com/is-dir/-/is-dir-1.0.0.tgz#41d37f495fccacc05a4778d66e83024c292ba3ff"

js-yaml@^3.10.0:
  version "3.12.0"
  resolved "https://registry.yarnpkg.com/js-yaml/-/js-yaml-3.12.0.tgz#eaed656ec8344f10f527c6bfa1b6e2244de167d1"
  dependencies:
    argparse "^1.0.7"
    esprima "^4.0.0"

json-schema-traverse@^0.4.1:
  version "0.4.1"
  resolved "https://registry.yarnpkg.com/json-schema-traverse/-/json-schema-traverse-0.4.1.tgz#69f6a87d9513ab8bb8fe63bdb0979c448e684660"

lodash.merge@^4.6.1:
  version "4.6.1"
  resolved "https://registry.yarnpkg.com/lodash.merge/-/lodash.merge-4.6.1.tgz#adc25d9cb99b9391c59624f379fbba60d7111d54"

lodash@^4.17.10:
  version "4.17.10"
  resolved "https://registry.yarnpkg.com/lodash/-/lodash-4.17.10.tgz#1b7793cf7259ea38fb3661d4d38b3260af8ae4e7"

lru-cache@^4.1.3:
  version "4.1.3"
  resolved "https://registry.yarnpkg.com/lru-cache/-/lru-cache-4.1.3.tgz#a1175cf3496dfc8436c156c334b4955992bce69c"
  dependencies:
    pseudomap "^1.0.2"
    yallist "^2.1.2"

minimatch@^3.0.4:
  version "3.0.4"
  resolved "https://registry.yarnpkg.com/minimatch/-/minimatch-3.0.4.tgz#5166e286457f03306064be5497e8dbb0c3d32083"
  dependencies:
    brace-expansion "^1.1.7"

once@^1.3.0:
  version "1.4.0"
  resolved "https://registry.yarnpkg.com/once/-/once-1.4.0.tgz#583b1aa775961d4b113ac17d9c50baef9dd76bd1"
  dependencies:
    wrappy "1"

openapi-default-setter@1.0.0:
  version "1.0.0"
  resolved "https://registry.yarnpkg.com/openapi-default-setter/-/openapi-default-setter-1.0.0.tgz#0a03e020c068cbdf9d22f22f63c1612f66fd5b76"

openapi-framework@0.3.2:
  version "0.3.2"
  resolved "https://registry.yarnpkg.com/openapi-framework/-/openapi-framework-0.3.2.tgz#b4a5f57a8c3bf1b5ffcac260b77701a0d440e992"
  dependencies:
    difunc "0.0.4"
    fs-routes "1.3.0"
    glob "*"
    is-dir "^1.0.0"
    js-yaml "^3.10.0"
    openapi-default-setter "1.0.0"
    openapi-request-coercer "1.0.0"
    openapi-request-validator "2.0.0"
    openapi-response-validator "2.0.1"
    openapi-schema-validator "2.0.0"
    openapi-security-handler "1.0.0"
    openapi-types "^1.0.4"

openapi-jsonschema-parameters@0.5.0:
  version "0.5.0"
  resolved "https://registry.yarnpkg.com/openapi-jsonschema-parameters/-/openapi-jsonschema-parameters-0.5.0.tgz#a38c943947a574fcbbc4aa908e00724069d65d00"

openapi-request-coercer@1.0.0:
  version "1.0.0"
  resolved "https://registry.yarnpkg.com/openapi-request-coercer/-/openapi-request-coercer-1.0.0.tgz#15d19f16ae02fabf085c05692064cf7129199f3c"

openapi-request-validator@2.0.0:
  version "2.0.0"
  resolved "https://registry.yarnpkg.com/openapi-request-validator/-/openapi-request-validator-2.0.0.tgz#f138b88059099966a8ad08af02bd32c7a1950e1c"
  dependencies:
    ajv "^6.5.2"
    openapi-jsonschema-parameters "0.5.0"

openapi-response-validator@2.0.1:
  version "2.0.1"
  resolved "https://registry.yarnpkg.com/openapi-response-validator/-/openapi-response-validator-2.0.1.tgz#f10ce7fbbcf98f6b5ac3fdcd66e52338c7741515"
  dependencies:
    ajv "^6.5.2"

openapi-schema-validator@2.0.0:
  version "2.0.0"
  resolved "https://registry.yarnpkg.com/openapi-schema-validator/-/openapi-schema-validator-2.0.0.tgz#86003579c9a68c183bb890663d4082361d9c3300"
  dependencies:
    ajv "^6.5.2"
    lodash.merge "^4.6.1"
    swagger-schema-official "2.0.0-bab6bed"

openapi-security-handler@1.0.0:
  version "1.0.0"
  resolved "https://registry.yarnpkg.com/openapi-security-handler/-/openapi-security-handler-1.0.0.tgz#66291fd374c45817c413a826bf0d3af5d5a46e84"
  dependencies:
    async "^2.6.0"

openapi-types@^1.0.4:
  version "1.0.6"
  resolved "https://registry.yarnpkg.com/openapi-types/-/openapi-types-1.0.6.tgz#b199a01ed58bbed402cd74a5bc598194bdcfc364"

path-is-absolute@^1.0.0:
  version "1.0.1"
  resolved "https://registry.yarnpkg.com/path-is-absolute/-/path-is-absolute-1.0.1.tgz#174b9268735534ffbc7ace6bf53a5a9e1b5c5f5f"

pseudomap@^1.0.2:
  version "1.0.2"
  resolved "https://registry.yarnpkg.com/pseudomap/-/pseudomap-1.0.2.tgz#f052a28da70e618917ef0a8ac34c1ae5a68286b3"

punycode@^2.1.0:
  version "2.1.1"
  resolved "https://registry.yarnpkg.com/punycode/-/punycode-2.1.1.tgz#b58b010ac40c22c5657616c8d2c2c02c7bf479ec"

sprintf-js@~1.0.2:
  version "1.0.3"
  resolved "https://registry.yarnpkg.com/sprintf-js/-/sprintf-js-1.0.3.tgz#04e6926f662895354f3dd015203633b857297e2c"

swagger-schema-official@2.0.0-bab6bed:
  version "2.0.0-bab6bed"
  resolved "https://registry.yarnpkg.com/swagger-schema-official/-/swagger-schema-official-2.0.0-bab6bed.tgz#70070468d6d2977ca5237b2e519ca7d06a2ea3fd"

uri-js@^4.2.2:
  version "4.2.2"
  resolved "https://registry.yarnpkg.com/uri-js/-/uri-js-4.2.2.tgz#94c540e1ff772956e2299507c010aea6c8838eb0"
  dependencies:
    punycode "^2.1.0"

wrappy@1:
  version "1.0.2"
  resolved "https://registry.yarnpkg.com/wrappy/-/wrappy-1.0.2.tgz#b5243d8f3ec1aa35f1364605bc0d1036e30ab69f"

yallist@^2.1.2:
  version "2.1.2"
  resolved "https://registry.yarnpkg.com/yallist/-/yallist-2.1.2.tgz#1c11f9218f076089a47dd512f93c6699a6a81d52"
